{
  "version": "4",
  "specifiers": {
    "jsr:@oak/commons@1": "1.0.0",
    "jsr:@oak/oak@^17.1.3": "17.1.3",
    "jsr:@std/assert@1": "1.0.6",
    "jsr:@std/bytes@1": "1.0.2",
    "jsr:@std/bytes@^1.0.2": "1.0.2",
    "jsr:@std/crypto@1": "1.0.3",
    "jsr:@std/dotenv@~0.225.2": "0.225.3",
    "jsr:@std/encoding@1": "1.0.5",
    "jsr:@std/encoding@^1.0.5": "1.0.5",
    "jsr:@std/http@1": "1.0.7",
    "jsr:@std/io@0.224": "0.224.9",
    "jsr:@std/media-types@1": "1.0.3",
    "jsr:@std/path@1": "1.0.7",
    "jsr:@tajpouria/cors@1.2.1": "1.2.1",
    "npm:@types/diff-match-patch@1.0.36": "1.0.36",
    "npm:@types/json-bigint@1.0.4": "1.0.4",
    "npm:@types/pg@*": "8.11.10",
    "npm:big.js@^6.2.2": "6.2.2",
    "npm:diff-match-patch@1.0.5": "1.0.5",
    "npm:json-bigint@1.0.0": "1.0.0",
    "npm:oa-parser@^0.0.3": "0.0.3",
    "npm:path-to-regexp@6.2.1": "6.2.1",
    "npm:pg@*": "8.13.1",
    "npm:pg@^8.13.1": "8.13.1"
  },
  "jsr": {
    "@oak/commons@1.0.0": {
      "integrity": "49805b55603c3627a9d6235c0655aa2b6222d3036b3a13ff0380c16368f607ac",
      "dependencies": [
        "jsr:@std/assert",
        "jsr:@std/bytes@1",
        "jsr:@std/crypto",
        "jsr:@std/encoding@1",
        "jsr:@std/http",
        "jsr:@std/media-types"
      ]
    },
    "@oak/oak@17.1.3": {
      "integrity": "d89296c22db91681dd3a2a1e1fd14e258d0d5a9654de55637aee5b661c159f33",
      "dependencies": [
        "jsr:@oak/commons",
        "jsr:@std/assert",
        "jsr:@std/bytes@1",
        "jsr:@std/crypto",
        "jsr:@std/http",
        "jsr:@std/io",
        "jsr:@std/media-types",
        "jsr:@std/path",
        "npm:path-to-regexp"
      ]
    },
    "@std/assert@1.0.6": {
      "integrity": "1904c05806a25d94fe791d6d883b685c9e2dcd60e4f9fc30f4fc5cf010c72207"
    },
    "@std/bytes@1.0.2": {
      "integrity": "fbdee322bbd8c599a6af186a1603b3355e59a5fb1baa139f8f4c3c9a1b3e3d57"
    },
    "@std/crypto@1.0.3": {
      "integrity": "a2a32f51ddef632d299e3879cd027c630dcd4d1d9a5285d6e6788072f4e51e7f"
    },
    "@std/dotenv@0.225.3": {
      "integrity": "a95e5b812c27b0854c52acbae215856d9cce9d4bbf774d938c51d212711e8d4a"
    },
    "@std/encoding@1.0.5": {
      "integrity": "ecf363d4fc25bd85bd915ff6733a7e79b67e0e7806334af15f4645c569fefc04"
    },
    "@std/http@1.0.7": {
      "integrity": "9b904fc256678a5c9759f1a53a24a3fdcc59d83dc62099bb472683b6f819194c",
      "dependencies": [
        "jsr:@std/encoding@^1.0.5"
      ]
    },
    "@std/io@0.224.9": {
      "integrity": "4414664b6926f665102e73c969cfda06d2c4c59bd5d0c603fd4f1b1c840d6ee3",
      "dependencies": [
        "jsr:@std/bytes@^1.0.2"
      ]
    },
    "@std/media-types@1.0.3": {
      "integrity": "b12d30a7852f7578f4d210622df713bbfd1cbdd9b4ec2eaf5c1845ab70bab159"
    },
    "@std/path@1.0.7": {
      "integrity": "76a689e07f0e15dcc6002ec39d0866797e7156629212b28f27179b8a5c3b33a1"
    },
    "@tajpouria/cors@1.2.1": {
      "integrity": "eca42e4fb7cb3906ef0ee3d1e565dd6bb4632ccd8e70a95cf4279759743328f0"
    }
  },
  "npm": {
    "@types/diff-match-patch@1.0.36": {
      "integrity": "sha512-xFdR6tkm0MWvBfO8xXCSsinYxHcqkQUlcHeSpMC2ukzOb6lwQAfDmW+Qt0AvlGd8HpsS28qKsB+oPeJn9I39jg=="
    },
    "@types/json-bigint@1.0.4": {
      "integrity": "sha512-ydHooXLbOmxBbubnA7Eh+RpBzuaIiQjh8WGJYQB50JFGFrdxW7JzVlyEV7fAXw0T2sqJ1ysTneJbiyNLqZRAag=="
    },
    "@types/node@22.5.4": {
      "integrity": "sha512-FDuKUJQm/ju9fT/SeX/6+gBzoPzlVCzfzmGkwKvRHQVxi4BntVbyIwf6a4Xn62mrvndLiml6z/UBXIdEVjQLXg==",
      "dependencies": [
        "undici-types"
      ]
    },
    "@types/pg@8.11.10": {
      "integrity": "sha512-LczQUW4dbOQzsH2RQ5qoeJ6qJPdrcM/DcMLoqWQkMLMsq83J5lAX3LXjdkWdpscFy67JSOWDnh7Ny/sPFykmkg==",
      "dependencies": [
        "@types/node",
        "pg-protocol",
        "pg-types@4.0.2"
      ]
    },
    "big.js@6.2.2": {
      "integrity": "sha512-y/ie+Faknx7sZA5MfGA2xKlu0GDv8RWrXGsmlteyJQ2lvoKv9GBK/fpRMc2qlSoBAgNxrixICFCBefIq8WCQpQ=="
    },
    "bignumber.js@9.1.2": {
      "integrity": "sha512-2/mKyZH9K85bzOEfhXDBFZTGd1CTs+5IHpeFQo9luiBG7hghdC851Pj2WAhb6E3R6b9tZj/XKhbg4fum+Kepug=="
    },
    "diff-match-patch@1.0.5": {
      "integrity": "sha512-IayShXAgj/QMXgB0IWmKx+rOPuGMhqm5w6jvFxmVenXKIzRqTAAsbBPT3kWQeGANj3jGgvcvv4yK6SxqYmikgw=="
    },
    "json-bigint@1.0.0": {
      "integrity": "sha512-SiPv/8VpZuWbvLSMtTDU8hEfrZWg/mH/nV/b4o0CYbSxu1UIQPLdwKOCIyLQX+VIPO5vrLX3i8qtqFyhdPSUSQ==",
      "dependencies": [
        "bignumber.js"
      ]
    },
    "oa-parser@0.0.3": {
      "integrity": "sha512-N7HGcji9L9OYZ/i9f4eBWyZ+/4tbl5jg7JYHXTcqe5BWie8yMXMUbRcVQJer5JvVHb0JwZwzQIrjFC6EMiS0Kw=="
    },
    "obuf@1.1.2": {
      "integrity": "sha512-PX1wu0AmAdPqOL1mWhqmlOd8kOIZQwGZw6rh7uby9fTc5lhaOWFLX3I6R1hrF9k3zUY40e6igsLGkDXK92LJNg=="
    },
    "path-to-regexp@6.2.1": {
      "integrity": "sha512-JLyh7xT1kizaEvcaXOQwOc2/Yhw6KZOvPf1S8401UyLk86CU79LN3vl7ztXGm/pZ+YjoyAJ4rxmHwbkBXJX+yw=="
    },
    "pg-cloudflare@1.1.1": {
      "integrity": "sha512-xWPagP/4B6BgFO+EKz3JONXv3YDgvkbVrGw2mTo3D6tVDQRh1e7cqVGvyR3BE+eQgAvx1XhW/iEASj4/jCWl3Q=="
    },
    "pg-connection-string@2.7.0": {
      "integrity": "sha512-PI2W9mv53rXJQEOb8xNR8lH7Hr+EKa6oJa38zsK0S/ky2er16ios1wLKhZyxzD7jUReiWokc9WK5nxSnC7W1TA=="
    },
    "pg-int8@1.0.1": {
      "integrity": "sha512-WCtabS6t3c8SkpDBUlb1kjOs7l66xsGdKpIPZsg4wR+B3+u9UAum2odSsF9tnvxg80h4ZxLWMy4pRjOsFIqQpw=="
    },
    "pg-numeric@1.0.2": {
      "integrity": "sha512-BM/Thnrw5jm2kKLE5uJkXqqExRUY/toLHda65XgFTBTFYZyopbKjBe29Ii3RbkvlsMoFwD+tHeGaCjjv0gHlyw=="
    },
    "pg-pool@3.7.0_pg@8.13.1": {
      "integrity": "sha512-ZOBQForurqh4zZWjrgSwwAtzJ7QiRX0ovFkZr2klsen3Nm0aoh33Ls0fzfv3imeH/nw/O27cjdz5kzYJfeGp/g==",
      "dependencies": [
        "pg"
      ]
    },
    "pg-protocol@1.7.0": {
      "integrity": "sha512-hTK/mE36i8fDDhgDFjy6xNOG+LCorxLG3WO17tku+ij6sVHXh1jQUJ8hYAnRhNla4QVD2H8er/FOjc/+EgC6yQ=="
    },
    "pg-types@2.2.0": {
      "integrity": "sha512-qTAAlrEsl8s4OiEQY69wDvcMIdQN6wdz5ojQiOy6YRMuynxenON0O5oCpJI6lshc6scgAY8qvJ2On/p+CXY0GA==",
      "dependencies": [
        "pg-int8",
        "postgres-array@2.0.0",
        "postgres-bytea@1.0.0",
        "postgres-date@1.0.7",
        "postgres-interval@1.2.0"
      ]
    },
    "pg-types@4.0.2": {
      "integrity": "sha512-cRL3JpS3lKMGsKaWndugWQoLOCoP+Cic8oseVcbr0qhPzYD5DWXK+RZ9LY9wxRf7RQia4SCwQlXk0q6FCPrVng==",
      "dependencies": [
        "pg-int8",
        "pg-numeric",
        "postgres-array@3.0.2",
        "postgres-bytea@3.0.0",
        "postgres-date@2.1.0",
        "postgres-interval@3.0.0",
        "postgres-range"
      ]
    },
    "pg@8.13.1": {
      "integrity": "sha512-OUir1A0rPNZlX//c7ksiu7crsGZTKSOXJPgtNiHGIlC9H0lO+NC6ZDYksSgBYY/thSWhnSRBv8w1lieNNGATNQ==",
      "dependencies": [
        "pg-cloudflare",
        "pg-connection-string",
        "pg-pool",
        "pg-protocol",
        "pg-types@2.2.0",
        "pgpass"
      ]
    },
    "pgpass@1.0.5": {
      "integrity": "sha512-FdW9r/jQZhSeohs1Z3sI1yxFQNFvMcnmfuj4WBMUTxOrAyLMaTcE1aAMBiTlbMNaXvBCQuVi0R7hd8udDSP7ug==",
      "dependencies": [
        "split2"
      ]
    },
    "postgres-array@2.0.0": {
      "integrity": "sha512-VpZrUqU5A69eQyW2c5CA1jtLecCsN2U/bD6VilrFDWq5+5UIEVO7nazS3TEcHf1zuPYO/sqGvUvW62g86RXZuA=="
    },
    "postgres-array@3.0.2": {
      "integrity": "sha512-6faShkdFugNQCLwucjPcY5ARoW1SlbnrZjmGl0IrrqewpvxvhSLHimCVzqeuULCbG0fQv7Dtk1yDbG3xv7Veog=="
    },
    "postgres-bytea@1.0.0": {
      "integrity": "sha512-xy3pmLuQqRBZBXDULy7KbaitYqLcmxigw14Q5sj8QBVLqEwXfeybIKVWiqAXTlcvdvb0+xkOtDbfQMOf4lST1w=="
    },
    "postgres-bytea@3.0.0": {
      "integrity": "sha512-CNd4jim9RFPkObHSjVHlVrxoVQXz7quwNFpz7RY1okNNme49+sVyiTvTRobiLV548Hx/hb1BG+iE7h9493WzFw==",
      "dependencies": [
        "obuf"
      ]
    },
    "postgres-date@1.0.7": {
      "integrity": "sha512-suDmjLVQg78nMK2UZ454hAG+OAW+HQPZ6n++TNDUX+L0+uUlLywnoxJKDou51Zm+zTCjrCl0Nq6J9C5hP9vK/Q=="
    },
    "postgres-date@2.1.0": {
      "integrity": "sha512-K7Juri8gtgXVcDfZttFKVmhglp7epKb1K4pgrkLxehjqkrgPhfG6OO8LHLkfaqkbpjNRnra018XwAr1yQFWGcA=="
    },
    "postgres-interval@1.2.0": {
      "integrity": "sha512-9ZhXKM/rw350N1ovuWHbGxnGh/SNJ4cnxHiM0rxE4VN41wsg8P8zWn9hv/buK00RP4WvlOyr/RBDiptyxVbkZQ==",
      "dependencies": [
        "xtend"
      ]
    },
    "postgres-interval@3.0.0": {
      "integrity": "sha512-BSNDnbyZCXSxgA+1f5UU2GmwhoI0aU5yMxRGO8CdFEcY2BQF9xm/7MqKnYoM1nJDk8nONNWDk9WeSmePFhQdlw=="
    },
    "postgres-range@1.1.4": {
      "integrity": "sha512-i/hbxIE9803Alj/6ytL7UHQxRvZkI9O4Sy+J3HGc4F4oo/2eQAjTSNJ0bfxyse3bH0nuVesCk+3IRLaMtG3H6w=="
    },
    "split2@4.2.0": {
      "integrity": "sha512-UcjcJOWknrNkF6PLX83qcHM6KHgVKNkV62Y8a5uYDVv9ydGQVwAHMKqHdJje1VTWpljG0WYpCDhrCdAOYH4TWg=="
    },
    "undici-types@6.19.8": {
      "integrity": "sha512-ve2KP6f/JnbPBFyobGHuerC9g1FYGn/F8n1LWTwNxCEzd6IfqTwUQcNXgEtmmQ6DlRrC1hrSrBnCZPokRrDHjw=="
    },
    "xtend@4.0.2": {
      "integrity": "sha512-LKYU1iAXJXUgAXn9URjiu+MWhyUXHsvfp7mcuYm9dSUKK0/CjtrUwFAxD82/mCWbtLsGjFIad0wIsod4zrTAEQ=="
    }
  },
  "workspace": {
    "dependencies": [
      "jsr:@oak/oak@^17.1.3",
      "jsr:@std/dotenv@~0.225.2",
      "jsr:@tajpouria/cors@1.2.1",
      "npm:big.js@^6.2.2",
      "npm:diff-match-patch@1.0.5",
      "npm:json-bigint@1.0.0",
      "npm:oa-parser@^0.0.3",
      "npm:pg@^8.13.1"
    ]
  }
}
